
Microsoft Visual Studio Solution File, Format Version 12.00
# Visual Studio 14
VisualStudioVersion = 14.0.25420.1
MinimumVisualStudioVersion = 10.0.40219.1
Project("{FAE04EC0-301F-11D3-BF4B-00C04F79EFBC}") = "ISINC_Project", "ISINC_Project\ISINC_Project.csproj", "{FA300040-12C4-41F0-B90E-F2F73B2A629F}"
EndProject
Project("{FAE04EC0-301F-11D3-BF4B-00C04F79EFBC}") = "ISINC_Project.Tests", "ISINC_Project.Tests\ISINC_Project.Tests.csproj", "{8BF1484B-C7DF-4605-8232-E90BD306F04B}"
EndProject
Global
	GlobalSection(SolutionConfigurationPlatforms) = preSolution
		Debug|Any CPU = Debug|Any CPU
		Release|Any CPU = Release|Any CPU
	EndGlobalSection
	GlobalSection(ProjectConfigurationPlatforms) = postSolution
		{FA300040-12C4-41F0-B90E-F2F73B2A629F}.Debug|Any CPU.ActiveCfg = Debug|Any CPU
		{FA300040-12C4-41F0-B90E-F2F73B2A629F}.Debug|Any CPU.Build.0 = Debug|Any CPU
		{FA300040-12C4-41F0-B90E-F2F73B2A629F}.Release|Any CPU.ActiveCfg = Release|Any CPU
		{FA300040-12C4-41F0-B90E-F2F73B2A629F}.Release|Any CPU.Build.0 = Release|Any CPU
		{8BF1484B-C7DF-4605-8232-E90BD306F04B}.Debug|Any CPU.ActiveCfg = Debug|Any CPU
		{8BF1484B-C7DF-4605-8232-E90BD306F04B}.Debug|Any CPU.Build.0 = Debug|Any CPU
		{8BF1484B-C7DF-4605-8232-E90BD306F04B}.Release|Any CPU.ActiveCfg = Release|Any CPU
		{8BF1484B-C7DF-4605-8232-E90BD306F04B}.Release|Any CPU.Build.0 = Release|Any CPU
	EndGlobalSection
	GlobalSection(SolutionProperties) = preSolution
		HideSolutionNode = FALSE
	EndGlobalSection
EndGlobal
